// !$*UTF8*$!
{
	archiveVersion = 1;
	classes = {
	};
	objectVersion = 46;
	objects = {

/* Begin PBXBuildFile section */
		3258A5F01D27B78F002A0C16 /* SwiftMVVMFramework.h in Headers */ = {isa = PBXBuildFile; fileRef = 3258A5EF1D27B78F002A0C16 /* SwiftMVVMFramework.h */; settings = {ATTRIBUTES = (Public, ); }; };
		3258A5FD1D27B9D3002A0C16 /* HttpServiceCallBack.swift in Sources */ = {isa = PBXBuildFile; fileRef = 3258A5FA1D27B9D3002A0C16 /* HttpServiceCallBack.swift */; };
		3258A5FE1D27B9D3002A0C16 /* HttpServiceGenerator.swift in Sources */ = {isa = PBXBuildFile; fileRef = 3258A5FB1D27B9D3002A0C16 /* HttpServiceGenerator.swift */; };
		3258A5FF1D27B9D3002A0C16 /* HttpStatusConstants.swift in Sources */ = {isa = PBXBuildFile; fileRef = 3258A5FC1D27B9D3002A0C16 /* HttpStatusConstants.swift */; };
		3258A6031D27B9E7002A0C16 /* BaseListViewModel.swift in Sources */ = {isa = PBXBuildFile; fileRef = 3258A6001D27B9E7002A0C16 /* BaseListViewModel.swift */; };
		3258A6041D27B9E7002A0C16 /* BaseTableViewModel.swift in Sources */ = {isa = PBXBuildFile; fileRef = 3258A6011D27B9E7002A0C16 /* BaseTableViewModel.swift */; };
		3258A6051D27B9E7002A0C16 /* BaseViewModel.swift in Sources */ = {isa = PBXBuildFile; fileRef = 3258A6021D27B9E7002A0C16 /* BaseViewModel.swift */; };
		3258A6081D27B9F9002A0C16 /* BaseModel.swift in Sources */ = {isa = PBXBuildFile; fileRef = 3258A6061D27B9F9002A0C16 /* BaseModel.swift */; };
		3258A6091D27B9F9002A0C16 /* HttpResult.swift in Sources */ = {isa = PBXBuildFile; fileRef = 3258A6071D27B9F9002A0C16 /* HttpResult.swift */; };
		3258A60C1D27BA27002A0C16 /* OnViewModelNotifyDelegate.swift in Sources */ = {isa = PBXBuildFile; fileRef = 3258A60B1D27BA27002A0C16 /* OnViewModelNotifyDelegate.swift */; };
		92E44255C09F4D0835075DD3 /* Pods_SwiftMVVMFramework.framework in Frameworks */ = {isa = PBXBuildFile; fileRef = 80206F72523F5956DF35E652 /* Pods_SwiftMVVMFramework.framework */; };
/* End PBXBuildFile section */

/* Begin PBXFileReference section */
		3258A5EC1D27B78E002A0C16 /* SwiftMVVMFramework.framework */ = {isa = PBXFileReference; explicitFileType = wrapper.framework; includeInIndex = 0; path = SwiftMVVMFramework.framework; sourceTree = BUILT_PRODUCTS_DIR; };
		3258A5EF1D27B78F002A0C16 /* SwiftMVVMFramework.h */ = {isa = PBXFileReference; lastKnownFileType = sourcecode.c.h; path = SwiftMVVMFramework.h; sourceTree = "<group>"; };
		3258A5F11D27B78F002A0C16 /* Info.plist */ = {isa = PBXFileReference; lastKnownFileType = text.plist.xml; path = Info.plist; sourceTree = "<group>"; };
		3258A5FA1D27B9D3002A0C16 /* HttpServiceCallBack.swift */ = {isa = PBXFileReference; fileEncoding = 4; lastKnownFileType = sourcecode.swift; path = HttpServiceCallBack.swift; sourceTree = "<group>"; };
		3258A5FB1D27B9D3002A0C16 /* HttpServiceGenerator.swift */ = {isa = PBXFileReference; fileEncoding = 4; lastKnownFileType = sourcecode.swift; path = HttpServiceGenerator.swift; sourceTree = "<group>"; };
		3258A5FC1D27B9D3002A0C16 /* HttpStatusConstants.swift */ = {isa = PBXFileReference; fileEncoding = 4; lastKnownFileType = sourcecode.swift; path = HttpStatusConstants.swift; sourceTree = "<group>"; };
		3258A6001D27B9E7002A0C16 /* BaseListViewModel.swift */ = {isa = PBXFileReference; fileEncoding = 4; lastKnownFileType = sourcecode.swift; path = BaseListViewModel.swift; sourceTree = "<group>"; };
		3258A6011D27B9E7002A0C16 /* BaseTableViewModel.swift */ = {isa = PBXFileReference; fileEncoding = 4; lastKnownFileType = sourcecode.swift; path = BaseTableViewModel.swift; sourceTree = "<group>"; };
		3258A6021D27B9E7002A0C16 /* BaseViewModel.swift */ = {isa = PBXFileReference; fileEncoding = 4; lastKnownFileType = sourcecode.swift; path = BaseViewModel.swift; sourceTree = "<group>"; };
		3258A6061D27B9F9002A0C16 /* BaseModel.swift */ = {isa = PBXFileReference; fileEncoding = 4; lastKnownFileType = sourcecode.swift; path = BaseModel.swift; sourceTree = "<group>"; };
		3258A6071D27B9F9002A0C16 /* HttpResult.swift */ = {isa = PBXFileReference; fileEncoding = 4; lastKnownFileType = sourcecode.swift; path = HttpResult.swift; sourceTree = "<group>"; };
		3258A60B1D27BA27002A0C16 /* OnViewModelNotifyDelegate.swift */ = {isa = PBXFileReference; fileEncoding = 4; lastKnownFileType = sourcecode.swift; path = OnViewModelNotifyDelegate.swift; sourceTree = "<group>"; };
		7A7103ACBEAF099061FF75BA /* Pods-SwiftMVVMFramework.release.xcconfig */ = {isa = PBXFileReference; includeInIndex = 1; lastKnownFileType = text.xcconfig; name = "Pods-SwiftMVVMFramework.release.xcconfig"; path = "Pods/Target Support Files/Pods-SwiftMVVMFramework/Pods-SwiftMVVMFramework.release.xcconfig"; sourceTree = "<group>"; };
		80206F72523F5956DF35E652 /* Pods_SwiftMVVMFramework.framework */ = {isa = PBXFileReference; explicitFileType = wrapper.framework; includeInIndex = 0; path = Pods_SwiftMVVMFramework.framework; sourceTree = BUILT_PRODUCTS_DIR; };
		DE429F107795450787D5A174 /* Pods-SwiftMVVMFramework.debug.xcconfig */ = {isa = PBXFileReference; includeInIndex = 1; lastKnownFileType = text.xcconfig; name = "Pods-SwiftMVVMFramework.debug.xcconfig"; path = "Pods/Target Support Files/Pods-SwiftMVVMFramework/Pods-SwiftMVVMFramework.debug.xcconfig"; sourceTree = "<group>"; };
/* End PBXFileReference section */

/* Begin PBXFrameworksBuildPhase section */
		3258A5E81D27B78E002A0C16 /* Frameworks */ = {
			isa = PBXFrameworksBuildPhase;
			buildActionMask = 2147483647;
			files = (
				92E44255C09F4D0835075DD3 /* Pods_SwiftMVVMFramework.framework in Frameworks */,
			);
			runOnlyForDeploymentPostprocessing = 0;
		};
/* End PBXFrameworksBuildPhase section */

/* Begin PBXGroup section */
		3258A5E21D27B78E002A0C16 = {
			isa = PBXGroup;
			children = (
				3258A5EE1D27B78F002A0C16 /* SwiftMVVMFramework */,
				3258A5ED1D27B78E002A0C16 /* Products */,
				EDF6BE11D4C3CEE0E1784858 /* Pods */,
				BB0C1D3DB2B98E845672C2AB /* Frameworks */,
			);
			sourceTree = "<group>";
		};
		3258A5ED1D27B78E002A0C16 /* Products */ = {
			isa = PBXGroup;
			children = (
				3258A5EC1D27B78E002A0C16 /* SwiftMVVMFramework.framework */,
			);
			name = Products;
			sourceTree = "<group>";
		};
		3258A5EE1D27B78F002A0C16 /* SwiftMVVMFramework */ = {
			isa = PBXGroup;
			children = (
				3258A60A1D27BA1A002A0C16 /* Delegate */,
				3258A5F91D27B9AF002A0C16 /* Network */,
				3258A5F81D27B99F002A0C16 /* ViewModel */,
				3258A5F71D27B969002A0C16 /* Model */,
				3258A5EF1D27B78F002A0C16 /* SwiftMVVMFramework.h */,
				3258A5F11D27B78F002A0C16 /* Info.plist */,
			);
			path = SwiftMVVMFramework;
			sourceTree = "<group>";
		};
		3258A5F71D27B969002A0C16 /* Model */ = {
			isa = PBXGroup;
			children = (
				3258A6061D27B9F9002A0C16 /* BaseModel.swift */,
				3258A6071D27B9F9002A0C16 /* HttpResult.swift */,
			);
			name = Model;
			sourceTree = "<group>";
		};
		3258A5F81D27B99F002A0C16 /* ViewModel */ = {
			isa = PBXGroup;
			children = (
				3258A6001D27B9E7002A0C16 /* BaseListViewModel.swift */,
				3258A6011D27B9E7002A0C16 /* BaseTableViewModel.swift */,
				3258A6021D27B9E7002A0C16 /* BaseViewModel.swift */,
			);
			name = ViewModel;
			sourceTree = "<group>";
		};
		3258A5F91D27B9AF002A0C16 /* Network */ = {
			isa = PBXGroup;
			children = (
				3258A5FA1D27B9D3002A0C16 /* HttpServiceCallBack.swift */,
				3258A5FB1D27B9D3002A0C16 /* HttpServiceGenerator.swift */,
				3258A5FC1D27B9D3002A0C16 /* HttpStatusConstants.swift */,
			);
			name = Network;
			sourceTree = "<group>";
		};
		3258A60A1D27BA1A002A0C16 /* Delegate */ = {
			isa = PBXGroup;
			children = (
				3258A60B1D27BA27002A0C16 /* OnViewModelNotifyDelegate.swift */,
			);
			name = Delegate;
			sourceTree = "<group>";
		};
		BB0C1D3DB2B98E845672C2AB /* Frameworks */ = {
			isa = PBXGroup;
			children = (
				80206F72523F5956DF35E652 /* Pods_SwiftMVVMFramework.framework */,
			);
			name = Frameworks;
			sourceTree = "<group>";
		};
		EDF6BE11D4C3CEE0E1784858 /* Pods */ = {
			isa = PBXGroup;
			children = (
				DE429F107795450787D5A174 /* Pods-SwiftMVVMFramework.debug.xcconfig */,
				7A7103ACBEAF099061FF75BA /* Pods-SwiftMVVMFramework.release.xcconfig */,
			);
			name = Pods;
			sourceTree = "<group>";
		};
/* End PBXGroup section */

/* Begin PBXHeadersBuildPhase section */
		3258A5E91D27B78E002A0C16 /* Headers */ = {
			isa = PBXHeadersBuildPhase;
			buildActionMask = 2147483647;
			files = (
				3258A5F01D27B78F002A0C16 /* SwiftMVVMFramework.h in Headers */,
			);
			runOnlyForDeploymentPostprocessing = 0;
		};
/* End PBXHeadersBuildPhase section */

/* Begin PBXNativeTarget section */
		3258A5EB1D27B78E002A0C16 /* SwiftMVVMFramework */ = {
			isa = PBXNativeTarget;
			buildConfigurationList = 3258A5F41D27B78F002A0C16 /* Build configuration list for PBXNativeTarget "SwiftMVVMFramework" */;
			buildPhases = (
				2009ED98970E63997AAA53E4 /* Check Pods Manifest.lock */,
				3258A5E71D27B78E002A0C16 /* Sources */,
				3258A5E81D27B78E002A0C16 /* Frameworks */,
				3258A5E91D27B78E002A0C16 /* Headers */,
				3258A5EA1D27B78E002A0C16 /* Resources */,
				4CAECBEEED72DFD2CB49DC67 /* Copy Pods Resources */,
			);
			buildRules = (
			);
			dependencies = (
			);
			name = SwiftMVVMFramework;
			productName = SwiftMVVMFramework;
			productReference = 3258A5EC1D27B78E002A0C16 /* SwiftMVVMFramework.framework */;
			productType = "com.apple.product-type.framework";
		};
/* End PBXNativeTarget section */

/* Begin PBXProject section */
		3258A5E31D27B78E002A0C16 /* Project object */ = {
			isa = PBXProject;
			attributes = {
				LastUpgradeCheck = 0730;
				ORGANIZATIONNAME = bigkoo;
				TargetAttributes = {
					3258A5EB1D27B78E002A0C16 = {
						CreatedOnToolsVersion = 7.3.1;
					};
				};
			};
			buildConfigurationList = 3258A5E61D27B78E002A0C16 /* Build configuration list for PBXProject "SwiftMVVMFramework" */;
			compatibilityVersion = "Xcode 3.2";
			developmentRegion = English;
			hasScannedForEncodings = 0;
			knownRegions = (
				en,
			);
			mainGroup = 3258A5E21D27B78E002A0C16;
			productRefGroup = 3258A5ED1D27B78E002A0C16 /* Products */;
			projectDirPath = "";
			projectRoot = "";
			targets = (
				3258A5EB1D27B78E002A0C16 /* SwiftMVVMFramework */,
			);
		};
/* End PBXProject section */

/* Begin PBXResourcesBuildPhase section */
		3258A5EA1D27B78E002A0C16 /* Resources */ = {
			isa = PBXResourcesBuildPhase;
			buildActionMask = 2147483647;
			files = (
			);
			runOnlyForDeploymentPostprocessing = 0;
		};
/* End PBXResourcesBuildPhase section */

/* Begin PBXShellScriptBuildPhase section */
		2009ED98970E63997AAA53E4 /* Check Pods Manifest.lock */ = {
			isa = PBXShellScriptBuildPhase;
			buildActionMask = 2147483647;
			files = (
			);
			inputPaths = (
			);
			name = "Check Pods Manifest.lock";
			outputPaths = (
			);
			runOnlyForDeploymentPostprocessing = 0;
			shellPath = /bin/sh;
			shellScript = "diff \"${PODS_ROOT}/../Podfile.lock\" \"${PODS_ROOT}/Manifest.lock\" > /dev/null\nif [[ $? != 0 ]] ; then\n    cat << EOM\nerror: The sandbox is not in sync with the Podfile.lock. Run 'pod install' or update your CocoaPods installation.\nEOM\n    exit 1\nfi\n";
			showEnvVarsInLog = 0;
		};
		4CAECBEEED72DFD2CB49DC67 /* Copy Pods Resources */ = {
			isa = PBXShellScriptBuildPhase;
			buildActionMask = 2147483647;
			files = (
			);
			inputPaths = (
			);
			name = "Copy Pods Resources";
			outputPaths = (
			);
			runOnlyForDeploymentPostprocessing = 0;
			shellPath = /bin/sh;
			shellScript = "\"${SRCROOT}/Pods/Target Support Files/Pods-SwiftMVVMFramework/Pods-SwiftMVVMFramework-resources.sh\"\n";
			showEnvVarsInLog = 0;
		};
/* End PBXShellScriptBuildPhase section */

/* Begin PBXSourcesBuildPhase section */
		3258A5E71D27B78E002A0C16 /* Sources */ = {
			isa = PBXSourcesBuildPhase;
			buildActionMask = 2147483647;
			files = (
				3258A5FF1D27B9D3002A0C16 /* HttpStatusConstants.swift in Sources */,
				3258A6041D27B9E7002A0C16 /* BaseTableViewModel.swift in Sources */,
				3258A6091D27B9F9002A0C16 /* HttpResult.swift in Sources */,
				3258A6081D27B9F9002A0C16 /* BaseModel.swift in Sources */,
				3258A6031D27B9E7002A0C16 /* BaseListViewModel.swift in Sources */,
				3258A5FD1D27B9D3002A0C16 /* HttpServiceCallBack.swift in Sources */,
				3258A5FE1D27B9D3002A0C16 /* HttpServiceGenerator.swift in Sources */,
				3258A60C1D27BA27002A0C16 /* OnViewModelNotifyDelegate.swift in Sources */,
				3258A6051D27B9E7002A0C16 /* BaseViewModel.swift in Sources */,
			);
			runOnlyForDeploymentPostprocessing = 0;
		};
/* End PBXSourcesBuildPhase section */

/* Begin XCBuildConfiguration section */
		3258A5F21D27B78F002A0C16 /* Debug */ = {
			isa = XCBuildConfiguration;
			buildSettings = {
				ALWAYS_SEARCH_USER_PATHS = NO;
				CLANG_ANALYZER_NONNULL = YES;
				CLANG_CXX_LANGUAGE_STANDARD = "gnu++0x";
				CLANG_CXX_LIBRARY = "libc++";
				CLANG_ENABLE_MODULES = YES;
				CLANG_ENABLE_OBJC_ARC = YES;
				CLANG_WARN_BOOL_CONVERSION = YES;
				CLANG_WARN_CONSTANT_CONVERSION = YES;
				CLANG_WARN_DIRECT_OBJC_ISA_USAGE = YES_ERROR;
				CLANG_WARN_EMPTY_BODY = YES;
				CLANG_WARN_ENUM_CONVERSION = YES;
				CLANG_WARN_INT_CONVERSION = YES;
				CLANG_WARN_OBJC_ROOT_CLASS = YES_ERROR;
				CLANG_WARN_UNREACHABLE_CODE = YES;
				CLANG_WARN__DUPLICATE_METHOD_MATCH = YES;
				"CODE_SIGN_IDENTITY[sdk=iphoneos*]" = "iPhone Developer";
				COPY_PHASE_STRIP = NO;
				CURRENT_PROJECT_VERSION = 1;
				DEBUG_INFORMATION_FORMAT = dwarf;
				ENABLE_STRICT_OBJC_MSGSEND = YES;
				ENABLE_TESTABILITY = YES;
				GCC_C_LANGUAGE_STANDARD = gnu99;
				GCC_DYNAMIC_NO_PIC = NO;
				GCC_NO_COMMON_BLOCKS = YES;
				GCC_OPTIMIZATION_LEVEL = 0;
				GCC_PREPROCESSOR_DEFINITIONS = (
					"DEBUG=1",
					"$(inherited)",
				);
				GCC_WARN_64_TO_32_BIT_CONVERSION = YES;
				GCC_WARN_ABOUT_RETURN_TYPE = YES_ERROR;
				GCC_WARN_UNDECLARED_SELECTOR = YES;
				GCC_WARN_UNINITIALIZED_AUTOS = YES_AGGRESSIVE;
				GCC_WARN_UNUSED_FUNCTION = YES;
				GCC_WARN_UNUSED_VARIABLE = YES;
				IPHONEOS_DEPLOYMENT_TARGET = 9.3;
				MTL_ENABLE_DEBUG_INFO = YES;
				ONLY_ACTIVE_ARCH = YES;
				SDKROOT = iphoneos;
				SWIFT_OPTIMIZATION_LEVEL = "-Onone";
				TARGETED_DEVICE_FAMILY = "1,2";
				VERSIONING_SYSTEM = "apple-generic";
				VERSION_INFO_PREFIX = "";
			};
			name = Debug;
		};
		3258A5F31D27B78F002A0C16 /* Release */ = {
			isa = XCBuildConfiguration;
			buildSettings = {
				ALWAYS_SEARCH_USER_PATHS = NO;
				CLANG_ANALYZER_NONNULL = YES;
				CLANG_CXX_LANGUAGE_STANDARD = "gnu++0x";
				CLANG_CXX_LIBRARY = "libc++";
				CLANG_ENABLE_MODULES = YES;
				CLANG_ENABLE_OBJC_ARC = YES;
				CLANG_WARN_BOOL_CONVERSION = YES;
				CLANG_WARN_CONSTANT_CONVERSION = YES;
				CLANG_WARN_DIRECT_OBJC_ISA_USAGE = YES_ERROR;
				CLANG_WARN_EMPTY_BODY = YES;
				CLANG_WARN_ENUM_CONVERSION = YES;
				CLANG_WARN_INT_CONVERSION = YES;
				CLANG_WARN_OBJC_ROOT_CLASS = YES_ERROR;
				CLANG_WARN_UNREACHABLE_CODE = YES;
				CLANG_WARN__DUPLICATE_METHOD_MATCH = YES;
				"CODE_SIGN_IDENTITY[sdk=iphoneos*]" = "iPhone Developer";
				COPY_PHASE_STRIP = NO;
				CURRENT_PROJECT_VERSION = 1;
				DEBUG_INFORMATION_FORMAT = "dwarf-with-dsym";
				ENABLE_NS_ASSERTIONS = NO;
				ENABLE_STRICT_OBJC_MSGSEND = YES;
				GCC_C_LANGUAGE_STANDARD = gnu99;
				GCC_NO_COMMON_BLOCKS = YES;
				GCC_WARN_64_TO_32_BIT_CONVERSION = YES;
				GCC_WARN_ABOUT_RETURN_TYPE = YES_ERROR;
				GCC_WARN_UNDECLARED_SELECTOR = YES;
				GCC_WARN_UNINITIALIZED_AUTOS = YES_AGGRESSIVE;
				GCC_WARN_UNUSED_FUNCTION = YES;
				GCC_WARN_UNUSED_VARIABLE = YES;
				IPHONEOS_DEPLOYMENT_TARGET = 9.3;
				MTL_ENABLE_DEBUG_INFO = NO;
				SDKROOT = iphoneos;
				TARGETED_DEVICE_FAMILY = "1,2";
				VALIDATE_PRODUCT = YES;
				VERSIONING_SYSTEM = "apple-generic";
				VERSION_INFO_PREFIX = "";
			};
			name = Release;
		};
		3258A5F51D27B78F002A0C16 /* Debug */ = {
			isa = XCBuildConfiguration;
			baseConfigurationReference = DE429F107795450787D5A174 /* Pods-SwiftMVVMFramework.debug.xcconfig */;
			buildSettings = {
				CLANG_ENABLE_MODULES = YES;
				DEFINES_MODULE = YES;
				DYLIB_COMPATIBILITY_VERSION = 1;
				DYLIB_CURRENT_VERSION = 1;
				DYLIB_INSTALL_NAME_BASE = "@rpath";
				INFOPLIST_FILE = SwiftMVVMFramework/Info.plist;
				INSTALL_PATH = "$(LOCAL_LIBRARY_DIR)/Frameworks";
				IPHONEOS_DEPLOYMENT_TARGET = 8.0;
				LD_RUNPATH_SEARCH_PATHS = "$(inherited) @executable_path/Frameworks @loader_path/Frameworks";
				PRODUCT_BUNDLE_IDENTIFIER = com.bigkoo.SwiftMVVMFramework;
				PRODUCT_NAME = "$(TARGET_NAME)";
				SKIP_INSTALL = YES;
				SWIFT_OPTIMIZATION_LEVEL = "-Onone";
			};
			name = Debug;
		};
		3258A5F61D27B78F002A0C16 /* Release */ = {
			isa = XCBuildConfiguration;
			baseConfigurationReference = 7A7103ACBEAF099061FF75BA /* Pods-SwiftMVVMFramework.release.xcconfig */;
			buildSettings = {
				CLANG_ENABLE_MODULES = YES;
				DEFINES_MODULE = YES;
				DYLIB_COMPATIBILITY_VERSION = 1;
				DYLIB_CURRENT_VERSION = 1;
				DYLIB_INSTALL_NAME_BASE = "@rpath";
				INFOPLIST_FILE = SwiftMVVMFramework/Info.plist;
				INSTALL_PATH = "$(LOCAL_LIBRARY_DIR)/Frameworks";
				IPHONEOS_DEPLOYMENT_TARGET = 8.0;
				LD_RUNPATH_SEARCH_PATHS = "$(inherited) @executable_path/Frameworks @loader_path/Frameworks";
				PRODUCT_BUNDLE_IDENTIFIER = com.bigkoo.SwiftMVVMFramework;
				PRODUCT_NAME = "$(TARGET_NAME)";
				SKIP_INSTALL = YES;
			};
			name = Release;
		};
/* End XCBuildConfiguration section */

/* Begin XCConfigurationList section */
		3258A5E61D27B78E002A0C16 /* Build configuration list for PBXProject "SwiftMVVMFramework" */ = {
			isa = XCConfigurationList;
			buildConfigurations = (
				3258A5F21D27B78F002A0C16 /* Debug */,
				3258A5F31D27B78F002A0C16 /* Release */,
			);
			defaultConfigurationIsVisible = 0;
			defaultConfigurationName = Release;
		};
		3258A5F41D27B78F002A0C16 /* Build configuration list for PBXNativeTarget "SwiftMVVMFramework" */ = {
			isa = XCConfigurationList;
			buildConfigurations = (
				3258A5F51D27B78F002A0C16 /* Debug */,
				3258A5F61D27B78F002A0C16 /* Release */,
			);
			defaultConfigurationIsVisible = 0;
			defaultConfigurationName = Release;
		};
/* End XCConfigurationList section */
	};
	rootObject = 3258A5E31D27B78E002A0C16 /* Project object */;
}
